
Microsoft Visual Studio Solution File, Format Version 12.00
# Visual Studio Version 17
VisualStudioVersion = 17.0.31903.59
MinimumVisualStudioVersion = 10.0.40219.1
Project("{FAE04EC0-301F-11D3-BF4B-00C04F79EFBC}") = "WPF_task11-2", "WPF_task11-2.csproj", "{725BB819-F600-4328-A0A4-EC9D338592CD}"
EndProject
Global
	GlobalSection(SolutionConfigurationPlatforms) = preSolution
		Debug|Any CPU = Debug|Any CPU
		Release|Any CPU = Release|Any CPU
	EndGlobalSection
	GlobalSection(ProjectConfigurationPlatforms) = postSolution
		{725BB819-F600-4328-A0A4-EC9D338592CD}.Debug|Any CPU.ActiveCfg = Debug|Any CPU
		{725BB819-F600-4328-A0A4-EC9D338592CD}.Debug|Any CPU.Build.0 = Debug|Any CPU
		{725BB819-F600-4328-A0A4-EC9D338592CD}.Release|Any CPU.ActiveCfg = Release|Any CPU
		{725BB819-F600-4328-A0A4-EC9D338592CD}.Release|Any CPU.Build.0 = Release|Any CPU
	EndGlobalSection
	GlobalSection(SolutionProperties) = preSolution
		HideSolutionNode = FALSE
	EndGlobalSection
	GlobalSection(ExtensibilityGlobals) = postSolution
		SolutionGuid = {DB6833DC-A8E5-4434-82EF-444FC1B3F1D6}
	EndGlobalSection
EndGlobal
